
Microsoft Visual Studio Solution File, Format Version 12.00
# Visual Studio Version 16
VisualStudioVersion = 16.0.30717.126
MinimumVisualStudioVersion = 10.0.40219.1
Project("{FAE04EC0-301F-11D3-BF4B-00C04F79EFBC}") = "Line_Comp", "Line_Comp\Line_Comp.csproj", "{4E3FF0EF-CFAA-43DA-B8BB-B74FE488A66F}"
EndProject
Global
	GlobalSection(SolutionConfigurationPlatforms) = preSolution
		Debug|Any CPU = Debug|Any CPU
		Release|Any CPU = Release|Any CPU
	EndGlobalSection
	GlobalSection(ProjectConfigurationPlatforms) = postSolution
		{4E3FF0EF-CFAA-43DA-B8BB-B74FE488A66F}.Debug|Any CPU.ActiveCfg = Debug|Any CPU
		{4E3FF0EF-CFAA-43DA-B8BB-B74FE488A66F}.Debug|Any CPU.Build.0 = Debug|Any CPU
		{4E3FF0EF-CFAA-43DA-B8BB-B74FE488A66F}.Release|Any CPU.ActiveCfg = Release|Any CPU
		{4E3FF0EF-CFAA-43DA-B8BB-B74FE488A66F}.Release|Any CPU.Build.0 = Release|Any CPU
	EndGlobalSection
	GlobalSection(SolutionProperties) = preSolution
		HideSolutionNode = FALSE
	EndGlobalSection
	GlobalSection(ExtensibilityGlobals) = postSolution
		SolutionGuid = {BED2804D-E4E7-4A4E-B7D7-0DA6ED5E5F29}
	EndGlobalSection
EndGlobal
